// !$*UTF8*$!
{
	archiveVersion = 1;
	classes = {
	};
	objectVersion = 46;
	objects = {

/* Begin PBXBuildFile section */
		1043F3A81D95062B0068E40A /* main.m in Sources */ = {isa = PBXBuildFile; fileRef = 1043F3A71D95062B0068E40A /* main.m */; };
		1043F3AB1D95062B0068E40A /* AppDelegate.m in Sources */ = {isa = PBXBuildFile; fileRef = 1043F3AA1D95062B0068E40A /* AppDelegate.m */; };
		1043F3AE1D95062B0068E40A /* ViewController.m in Sources */ = {isa = PBXBuildFile; fileRef = 1043F3AD1D95062B0068E40A /* ViewController.m */; };
		1043F3B11D95062B0068E40A /* Main.storyboard in Resources */ = {isa = PBXBuildFile; fileRef = 1043F3AF1D95062B0068E40A /* Main.storyboard */; };
		1043F3B31D95062B0068E40A /* Assets.xcassets in Resources */ = {isa = PBXBuildFile; fileRef = 1043F3B21D95062B0068E40A /* Assets.xcassets */; };
		1043F3B61D95062B0068E40A /* LaunchScreen.storyboard in Resources */ = {isa = PBXBuildFile; fileRef = 1043F3B41D95062B0068E40A /* LaunchScreen.storyboard */; };
		1043F3C11D95062C0068E40A /* DPAnimalYearsTests.m in Sources */ = {isa = PBXBuildFile; fileRef = 1043F3C01D95062C0068E40A /* DPAnimalYearsTests.m */; };
		1043F3CC1D95062C0068E40A /* DPAnimalYearsUITests.m in Sources */ = {isa = PBXBuildFile; fileRef = 1043F3CB1D95062C0068E40A /* DPAnimalYearsUITests.m */; };
/* End PBXBuildFile section */

/* Begin PBXContainerItemProxy section */
		1043F3BD1D95062C0068E40A /* PBXContainerItemProxy */ = {
			isa = PBXContainerItemProxy;
			containerPortal = 1043F39B1D95062B0068E40A /* Project object */;
			proxyType = 1;
			remoteGlobalIDString = 1043F3A21D95062B0068E40A;
			remoteInfo = DPAnimalYears;
		};
		1043F3C81D95062C0068E40A /* PBXContainerItemProxy */ = {
			isa = PBXContainerItemProxy;
			containerPortal = 1043F39B1D95062B0068E40A /* Project object */;
			proxyType = 1;
			remoteGlobalIDString = 1043F3A21D95062B0068E40A;
			remoteInfo = DPAnimalYears;
		};
/* End PBXContainerItemProxy section */

/* Begin PBXFileReference section */
		1043F3A31D95062B0068E40A /* DPAnimalYears.app */ = {isa = PBXFileReference; explicitFileType = wrapper.application; includeInIndex = 0; path = DPAnimalYears.app; sourceTree = BUILT_PRODUCTS_DIR; };
		1043F3A71D95062B0068E40A /* main.m */ = {isa = PBXFileReference; lastKnownFileType = sourcecode.c.objc; path = main.m; sourceTree = "<group>"; };
		1043F3A91D95062B0068E40A /* AppDelegate.h */ = {isa = PBXFileReference; lastKnownFileType = sourcecode.c.h; path = AppDelegate.h; sourceTree = "<group>"; };
		1043F3AA1D95062B0068E40A /* AppDelegate.m */ = {isa = PBXFileReference; lastKnownFileType = sourcecode.c.objc; path = AppDelegate.m; sourceTree = "<group>"; };
		1043F3AC1D95062B0068E40A /* ViewController.h */ = {isa = PBXFileReference; lastKnownFileType = sourcecode.c.h; path = ViewController.h; sourceTree = "<group>"; };
		1043F3AD1D95062B0068E40A /* ViewController.m */ = {isa = PBXFileReference; lastKnownFileType = sourcecode.c.objc; path = ViewController.m; sourceTree = "<group>"; };
		1043F3B01D95062B0068E40A /* Base */ = {isa = PBXFileReference; lastKnownFileType = file.storyboard; name = Base; path = Base.lproj/Main.storyboard; sourceTree = "<group>"; };
		1043F3B21D95062B0068E40A /* Assets.xcassets */ = {isa = PBXFileReference; lastKnownFileType = folder.assetcatalog; path = Assets.xcassets; sourceTree = "<group>"; };
		1043F3B51D95062B0068E40A /* Base */ = {isa = PBXFileReference; lastKnownFileType = file.storyboard; name = Base; path = Base.lproj/LaunchScreen.storyboard; sourceTree = "<group>"; };
		1043F3B71D95062B0068E40A /* Info.plist */ = {isa = PBXFileReference; lastKnownFileType = text.plist.xml; path = Info.plist; sourceTree = "<group>"; };
		1043F3BC1D95062C0068E40A /* DPAnimalYearsTests.xctest */ = {isa = PBXFileReference; explicitFileType = wrapper.cfbundle; includeInIndex = 0; path = DPAnimalYearsTests.xctest; sourceTree = BUILT_PRODUCTS_DIR; };
		1043F3C01D95062C0068E40A /* DPAnimalYearsTests.m */ = {isa = PBXFileReference; lastKnownFileType = sourcecode.c.objc; path = DPAnimalYearsTests.m; sourceTree = "<group>"; };
		1043F3C21D95062C0068E40A /* Info.plist */ = {isa = PBXFileReference; lastKnownFileType = text.plist.xml; path = Info.plist; sourceTree = "<group>"; };
		1043F3C71D95062C0068E40A /* DPAnimalYearsUITests.xctest */ = {isa = PBXFileReference; explicitFileType = wrapper.cfbundle; includeInIndex = 0; path = DPAnimalYearsUITests.xctest; sourceTree = BUILT_PRODUCTS_DIR; };
		1043F3CB1D95062C0068E40A /* DPAnimalYearsUITests.m */ = {isa = PBXFileReference; lastKnownFileType = sourcecode.c.objc; path = DPAnimalYearsUITests.m; sourceTree = "<group>"; };
		1043F3CD1D95062C0068E40A /* Info.plist */ = {isa = PBXFileReference; lastKnownFileType = text.plist.xml; path = Info.plist; sourceTree = "<group>"; };
/* End PBXFileReference section */

/* Begin PBXFrameworksBuildPhase section */
		1043F3A01D95062B0068E40A /* Frameworks */ = {
			isa = PBXFrameworksBuildPhase;
			buildActionMask = 2147483647;
			files = (
			);
			runOnlyForDeploymentPostprocessing = 0;
		};
		1043F3B91D95062C0068E40A /* Frameworks */ = {
			isa = PBXFrameworksBuildPhase;
			buildActionMask = 2147483647;
			files = (
			);
			runOnlyForDeploymentPostprocessing = 0;
		};
		1043F3C41D95062C0068E40A /* Frameworks */ = {
			isa = PBXFrameworksBuildPhase;
			buildActionMask = 2147483647;
			files = (
			);
			runOnlyForDeploymentPostprocessing = 0;
		};
/* End PBXFrameworksBuildPhase section */

/* Begin PBXGroup section */
		1043F39A1D95062B0068E40A = {
			isa = PBXGroup;
			children = (
				1043F3A51D95062B0068E40A /* DPAnimalYears */,
				1043F3BF1D95062C0068E40A /* DPAnimalYearsTests */,
				1043F3CA1D95062C0068E40A /* DPAnimalYearsUITests */,
				1043F3A41D95062B0068E40A /* Products */,
			);
			sourceTree = "<group>";
		};
		1043F3A41D95062B0068E40A /* Products */ = {
			isa = PBXGroup;
			children = (
				1043F3A31D95062B0068E40A /* DPAnimalYears.app */,
				1043F3BC1D95062C0068E40A /* DPAnimalYearsTests.xctest */,
				1043F3C71D95062C0068E40A /* DPAnimalYearsUITests.xctest */,
			);
			name = Products;
			sourceTree = "<group>";
		};
		1043F3A51D95062B0068E40A /* DPAnimalYears */ = {
			isa = PBXGroup;
			children = (
				1043F3A91D95062B0068E40A /* AppDelegate.h */,
				1043F3AA1D95062B0068E40A /* AppDelegate.m */,
				1043F3AC1D95062B0068E40A /* ViewController.h */,
				1043F3AD1D95062B0068E40A /* ViewController.m */,
				1043F3AF1D95062B0068E40A /* Main.storyboard */,
				1043F3B21D95062B0068E40A /* Assets.xcassets */,
				1043F3B41D95062B0068E40A /* LaunchScreen.storyboard */,
				1043F3B71D95062B0068E40A /* Info.plist */,
				1043F3A61D95062B0068E40A /* Supporting Files */,
			);
			path = DPAnimalYears;
			sourceTree = "<group>";
		};
		1043F3A61D95062B0068E40A /* Supporting Files */ = {
			isa = PBXGroup;
			children = (
				1043F3A71D95062B0068E40A /* main.m */,
			);
			name = "Supporting Files";
			sourceTree = "<group>";
		};
		1043F3BF1D95062C0068E40A /* DPAnimalYearsTests */ = {
			isa = PBXGroup;
			children = (
				1043F3C01D95062C0068E40A /* DPAnimalYearsTests.m */,
				1043F3C21D95062C0068E40A /* Info.plist */,
			);
			path = DPAnimalYearsTests;
			sourceTree = "<group>";
		};
		1043F3CA1D95062C0068E40A /* DPAnimalYearsUITests */ = {
			isa = PBXGroup;
			children = (
				1043F3CB1D95062C0068E40A /* DPAnimalYearsUITests.m */,
				1043F3CD1D95062C0068E40A /* Info.plist */,
			);
			path = DPAnimalYearsUITests;
			sourceTree = "<group>";
		};
/* End PBXGroup section */

/* Begin PBXNativeTarget section */
		1043F3A21D95062B0068E40A /* DPAnimalYears */ = {
			isa = PBXNativeTarget;
			buildConfigurationList = 1043F3D01D95062C0068E40A /* Build configuration list for PBXNativeTarget "DPAnimalYears" */;
			buildPhases = (
				1043F39F1D95062B0068E40A /* Sources */,
				1043F3A01D95062B0068E40A /* Frameworks */,
				1043F3A11D95062B0068E40A /* Resources */,
			);
			buildRules = (
			);
			dependencies = (
			);
			name = DPAnimalYears;
			productName = DPAnimalYears;
			productReference = 1043F3A31D95062B0068E40A /* DPAnimalYears.app */;
			productType = "com.apple.product-type.application";
		};
		1043F3BB1D95062C0068E40A /* DPAnimalYearsTests */ = {
			isa = PBXNativeTarget;
			buildConfigurationList = 1043F3D31D95062C0068E40A /* Build configuration list for PBXNativeTarget "DPAnimalYearsTests" */;
			buildPhases = (
				1043F3B81D95062C0068E40A /* Sources */,
				1043F3B91D95062C0068E40A /* Frameworks */,
				1043F3BA1D95062C0068E40A /* Resources */,
			);
			buildRules = (
			);
			dependencies = (
				1043F3BE1D95062C0068E40A /* PBXTargetDependency */,
			);
			name = DPAnimalYearsTests;
			productName = DPAnimalYearsTests;
			productReference = 1043F3BC1D95062C0068E40A /* DPAnimalYearsTests.xctest */;
			productType = "com.apple.product-type.bundle.unit-test";
		};
		1043F3C61D95062C0068E40A /* DPAnimalYearsUITests */ = {
			isa = PBXNativeTarget;
			buildConfigurationList = 1043F3D61D95062C0068E40A /* Build configuration list for PBXNativeTarget "DPAnimalYearsUITests" */;
			buildPhases = (
				1043F3C31D95062C0068E40A /* Sources */,
				1043F3C41D95062C0068E40A /* Frameworks */,
				1043F3C51D95062C0068E40A /* Resources */,
			);
			buildRules = (
			);
			dependencies = (
				1043F3C91D95062C0068E40A /* PBXTargetDependency */,
			);
			name = DPAnimalYearsUITests;
			productName = DPAnimalYearsUITests;
			productReference = 1043F3C71D95062C0068E40A /* DPAnimalYearsUITests.xctest */;
			productType = "com.apple.product-type.bundle.ui-testing";
		};
/* End PBXNativeTarget section */

/* Begin PBXProject section */
		1043F39B1D95062B0068E40A /* Project object */ = {
			isa = PBXProject;
			attributes = {
				LastUpgradeCheck = 0730;
				ORGANIZATIONNAME = "Divya Patil";
				TargetAttributes = {
					1043F3A21D95062B0068E40A = {
						CreatedOnToolsVersion = 7.3.1;
					};
					1043F3BB1D95062C0068E40A = {
						CreatedOnToolsVersion = 7.3.1;
						TestTargetID = 1043F3A21D95062B0068E40A;
					};
					1043F3C61D95062C0068E40A = {
						CreatedOnToolsVersion = 7.3.1;
						TestTargetID = 1043F3A21D95062B0068E40A;
					};
				};
			};
			buildConfigurationList = 1043F39E1D95062B0068E40A /* Build configuration list for PBXProject "DPAnimalYears" */;
			compatibilityVersion = "Xcode 3.2";
			developmentRegion = English;
			hasScannedForEncodings = 0;
			knownRegions = (
				en,
				Base,
			);
			mainGroup = 1043F39A1D95062B0068E40A;
			productRefGroup = 1043F3A41D95062B0068E40A /* Products */;
			projectDirPath = "";
			projectRoot = "";
			targets = (
				1043F3A21D95062B0068E40A /* DPAnimalYears */,
				1043F3BB1D95062C0068E40A /* DPAnimalYearsTests */,
				1043F3C61D95062C0068E40A /* DPAnimalYearsUITests */,
			);
		};
/* End PBXProject section */

/* Begin PBXResourcesBuildPhase section */
		1043F3A11D95062B0068E40A /* Resources */ = {
			isa = PBXResourcesBuildPhase;
			buildActionMask = 2147483647;
			files = (
				1043F3B61D95062B0068E40A /* LaunchScreen.storyboard in Resources */,
				1043F3B31D95062B0068E40A /* Assets.xcassets in Resources */,
				1043F3B11D95062B0068E40A /* Main.storyboard in Resources */,
			);
			runOnlyForDeploymentPostprocessing = 0;
		};
		1043F3BA1D95062C0068E40A /* Resources */ = {
			isa = PBXResourcesBuildPhase;
			buildActionMask = 2147483647;
			files = (
			);
			runOnlyForDeploymentPostprocessing = 0;
		};
		1043F3C51D95062C0068E40A /* Resources */ = {
			isa = PBXResourcesBuildPhase;
			buildActionMask = 2147483647;
			files = (
			);
			runOnlyForDeploymentPostprocessing = 0;
		};
/* End PBXResourcesBuildPhase section */

/* Begin PBXSourcesBuildPhase section */
		1043F39F1D95062B0068E40A /* Sources */ = {
			isa = PBXSourcesBuildPhase;
			buildActionMask = 2147483647;
			files = (
				1043F3AE1D95062B0068E40A /* ViewController.m in Sources */,
				1043F3AB1D95062B0068E40A /* AppDelegate.m in Sources */,
				1043F3A81D95062B0068E40A /* main.m in Sources */,
			);
			runOnlyForDeploymentPostprocessing = 0;
		};
		1043F3B81D95062C0068E40A /* Sources */ = {
			isa = PBXSourcesBuildPhase;
			buildActionMask = 2147483647;
			files = (
				1043F3C11D95062C0068E40A /* DPAnimalYearsTests.m in Sources */,
			);
			runOnlyForDeploymentPostprocessing = 0;
		};
		1043F3C31D95062C0068E40A /* Sources */ = {
			isa = PBXSourcesBuildPhase;
			buildActionMask = 2147483647;
			files = (
				1043F3CC1D95062C0068E40A /* DPAnimalYearsUITests.m in Sources */,
			);
			runOnlyForDeploymentPostprocessing = 0;
		};
/* End PBXSourcesBuildPhase section */

/* Begin PBXTargetDependency section */
		1043F3BE1D95062C0068E40A /* PBXTargetDependency */ = {
			isa = PBXTargetDependency;
			target = 1043F3A21D95062B0068E40A /* DPAnimalYears */;
			targetProxy = 1043F3BD1D95062C0068E40A /* PBXContainerItemProxy */;
		};
		1043F3C91D95062C0068E40A /* PBXTargetDependency */ = {
			isa = PBXTargetDependency;
			target = 1043F3A21D95062B0068E40A /* DPAnimalYears */;
			targetProxy = 1043F3C81D95062C0068E40A /* PBXContainerItemProxy */;
		};
/* End PBXTargetDependency section */

/* Begin PBXVariantGroup section */
		1043F3AF1D95062B0068E40A /* Main.storyboard */ = {
			isa = PBXVariantGroup;
			children = (
				1043F3B01D95062B0068E40A /* Base */,
			);
			name = Main.storyboard;
			sourceTree = "<group>";
		};
		1043F3B41D95062B0068E40A /* LaunchScreen.storyboard */ = {
			isa = PBXVariantGroup;
			children = (
				1043F3B51D95062B0068E40A /* Base */,
			);
			name = LaunchScreen.storyboard;
			sourceTree = "<group>";
		};
/* End PBXVariantGroup section */

/* Begin XCBuildConfiguration section */
		1043F3CE1D95062C0068E40A /* Debug */ = {
			isa = XCBuildConfiguration;
			buildSettings = {
				ALWAYS_SEARCH_USER_PATHS = NO;
				CLANG_ANALYZER_NONNULL = YES;
				CLANG_CXX_LANGUAGE_STANDARD = "gnu++0x";
				CLANG_CXX_LIBRARY = "libc++";
				CLANG_ENABLE_MODULES = YES;
				CLANG_ENABLE_OBJC_ARC = YES;
				CLANG_WARN_BOOL_CONVERSION = YES;
				CLANG_WARN_CONSTANT_CONVERSION = YES;
				CLANG_WARN_DIRECT_OBJC_ISA_USAGE = YES_ERROR;
				CLANG_WARN_EMPTY_BODY = YES;
				CLANG_WARN_ENUM_CONVERSION = YES;
				CLANG_WARN_INT_CONVERSION = YES;
				CLANG_WARN_OBJC_ROOT_CLASS = YES_ERROR;
				CLANG_WARN_UNREACHABLE_CODE = YES;
				CLANG_WARN__DUPLICATE_METHOD_MATCH = YES;
				"CODE_SIGN_IDENTITY[sdk=iphoneos*]" = "iPhone Developer";
				COPY_PHASE_STRIP = NO;
				DEBUG_INFORMATION_FORMAT = dwarf;
				ENABLE_STRICT_OBJC_MSGSEND = YES;
				ENABLE_TESTABILITY = YES;
				GCC_C_LANGUAGE_STANDARD = gnu99;
				GCC_DYNAMIC_NO_PIC = NO;
				GCC_NO_COMMON_BLOCKS = YES;
				GCC_OPTIMIZATION_LEVEL = 0;
				GCC_PREPROCESSOR_DEFINITIONS = (
					"DEBUG=1",
					"$(inherited)",
				);
				GCC_WARN_64_TO_32_BIT_CONVERSION = YES;
				GCC_WARN_ABOUT_RETURN_TYPE = YES_ERROR;
				GCC_WARN_UNDECLARED_SELECTOR = YES;
				GCC_WARN_UNINITIALIZED_AUTOS = YES_AGGRESSIVE;
				GCC_WARN_UNUSED_FUNCTION = YES;
				GCC_WARN_UNUSED_VARIABLE = YES;
				IPHONEOS_DEPLOYMENT_TARGET = 9.3;
				MTL_ENABLE_DEBUG_INFO = YES;
				ONLY_ACTIVE_ARCH = YES;
				SDKROOT = iphoneos;
				TARGETED_DEVICE_FAMILY = "1,2";
			};
			name = Debug;
		};
		1043F3CF1D95062C0068E40A /* Release */ = {
			isa = XCBuildConfiguration;
			buildSettings = {
				ALWAYS_SEARCH_USER_PATHS = NO;
				CLANG_ANALYZER_NONNULL = YES;
				CLANG_CXX_LANGUAGE_STANDARD = "gnu++0x";
				CLANG_CXX_LIBRARY = "libc++";
				CLANG_ENABLE_MODULES = YES;
				CLANG_ENABLE_OBJC_ARC = YES;
				CLANG_WARN_BOOL_CONVERSION = YES;
				CLANG_WARN_CONSTANT_CONVERSION = YES;
				CLANG_WARN_DIRECT_OBJC_ISA_USAGE = YES_ERROR;
				CLANG_WARN_EMPTY_BODY = YES;
				CLANG_WARN_ENUM_CONVERSION = YES;
				CLANG_WARN_INT_CONVERSION = YES;
				CLANG_WARN_OBJC_ROOT_CLASS = YES_ERROR;
				CLANG_WARN_UNREACHABLE_CODE = YES;
				CLANG_WARN__DUPLICATE_METHOD_MATCH = YES;
				"CODE_SIGN_IDENTITY[sdk=iphoneos*]" = "iPhone Developer";
				COPY_PHASE_STRIP = NO;
				DEBUG_INFORMATION_FORMAT = "dwarf-with-dsym";
				ENABLE_NS_ASSERTIONS = NO;
				ENABLE_STRICT_OBJC_MSGSEND = YES;
				GCC_C_LANGUAGE_STANDARD = gnu99;
				GCC_NO_COMMON_BLOCKS = YES;
				GCC_WARN_64_TO_32_BIT_CONVERSION = YES;
				GCC_WARN_ABOUT_RETURN_TYPE = YES_ERROR;
				GCC_WARN_UNDECLARED_SELECTOR = YES;
				GCC_WARN_UNINITIALIZED_AUTOS = YES_AGGRESSIVE;
				GCC_WARN_UNUSED_FUNCTION = YES;
				GCC_WARN_UNUSED_VARIABLE = YES;
				IPHONEOS_DEPLOYMENT_TARGET = 9.3;
				MTL_ENABLE_DEBUG_INFO = NO;
				SDKROOT = iphoneos;
				TARGETED_DEVICE_FAMILY = "1,2";
				VALIDATE_PRODUCT = YES;
			};
			name = Release;
		};
		1043F3D11D95062C0068E40A /* Debug */ = {
			isa = XCBuildConfiguration;
			buildSettings = {
				ASSETCATALOG_COMPILER_APPICON_NAME = AppIcon;
				INFOPLIST_FILE = DPAnimalYears/Info.plist;
				LD_RUNPATH_SEARCH_PATHS = "$(inherited) @executable_path/Frameworks";
				PRODUCT_BUNDLE_IDENTIFIER = com.Divya.DPAnimalYears;
				PRODUCT_NAME = "$(TARGET_NAME)";
			};
			name = Debug;
		};
		1043F3D21D95062C0068E40A /* Release */ = {
			isa = XCBuildConfiguration;
			buildSettings = {
				ASSETCATALOG_COMPILER_APPICON_NAME = AppIcon;
				INFOPLIST_FILE = DPAnimalYears/Info.plist;
				LD_RUNPATH_SEARCH_PATHS = "$(inherited) @executable_path/Frameworks";
				PRODUCT_BUNDLE_IDENTIFIER = com.Divya.DPAnimalYears;
				PRODUCT_NAME = "$(TARGET_NAME)";
			};
			name = Release;
		};
		1043F3D41D95062C0068E40A /* Debug */ = {
			isa = XCBuildConfiguration;
			buildSettings = {
				BUNDLE_LOADER = "$(TEST_HOST)";
				INFOPLIST_FILE = DPAnimalYearsTests/Info.plist;
				LD_RUNPATH_SEARCH_PATHS = "$(inherited) @executable_path/Frameworks @loader_path/Frameworks";
				PRODUCT_BUNDLE_IDENTIFIER = com.Divya.DPAnimalYearsTests;
				PRODUCT_NAME = "$(TARGET_NAME)";
				TEST_HOST = "$(BUILT_PRODUCTS_DIR)/DPAnimalYears.app/DPAnimalYears";
			};
			name = Debug;
		};
		1043F3D51D95062C0068E40A /* Release */ = {
			isa = XCBuildConfiguration;
			buildSettings = {
				BUNDLE_LOADER = "$(TEST_HOST)";
				INFOPLIST_FILE = DPAnimalYearsTests/Info.plist;
				LD_RUNPATH_SEARCH_PATHS = "$(inherited) @executable_path/Frameworks @loader_path/Frameworks";
				PRODUCT_BUNDLE_IDENTIFIER = com.Divya.DPAnimalYearsTests;
				PRODUCT_NAME = "$(TARGET_NAME)";
				TEST_HOST = "$(BUILT_PRODUCTS_DIR)/DPAnimalYears.app/DPAnimalYears";
			};
			name = Release;
		};
		1043F3D71D95062C0068E40A /* Debug */ = {
			isa = XCBuildConfiguration;
			buildSettings = {
				INFOPLIST_FILE = DPAnimalYearsUITests/Info.plist;
				LD_RUNPATH_SEARCH_PATHS = "$(inherited) @executable_path/Frameworks @loader_path/Frameworks";
				PRODUCT_BUNDLE_IDENTIFIER = com.Divya.DPAnimalYearsUITests;
				PRODUCT_NAME = "$(TARGET_NAME)";
				TEST_TARGET_NAME = DPAnimalYears;
			};
			name = Debug;
		};
		1043F3D81D95062C0068E40A /* Release */ = {
			isa = XCBuildConfiguration;
			buildSettings = {
				INFOPLIST_FILE = DPAnimalYearsUITests/Info.plist;
				LD_RUNPATH_SEARCH_PATHS = "$(inherited) @executable_path/Frameworks @loader_path/Frameworks";
				PRODUCT_BUNDLE_IDENTIFIER = com.Divya.DPAnimalYearsUITests;
				PRODUCT_NAME = "$(TARGET_NAME)";
				TEST_TARGET_NAME = DPAnimalYears;
			};
			name = Release;
		};
/* End XCBuildConfiguration section */

/* Begin XCConfigurationList section */
		1043F39E1D95062B0068E40A /* Build configuration list for PBXProject "DPAnimalYears" */ = {
			isa = XCConfigurationList;
			buildConfigurations = (
				1043F3CE1D95062C0068E40A /* Debug */,
				1043F3CF1D95062C0068E40A /* Release */,
			);
			defaultConfigurationIsVisible = 0;
			defaultConfigurationName = Release;
		};
		1043F3D01D95062C0068E40A /* Build configuration list for PBXNativeTarget "DPAnimalYears" */ = {
			isa = XCConfigurationList;
			buildConfigurations = (
				1043F3D11D95062C0068E40A /* Debug */,
				1043F3D21D95062C0068E40A /* Release */,
			);
			defaultConfigurationIsVisible = 0;
		};
		1043F3D31D95062C0068E40A /* Build configuration list for PBXNativeTarget "DPAnimalYearsTests" */ = {
			isa = XCConfigurationList;
			buildConfigurations = (
				1043F3D41D95062C0068E40A /* Debug */,
				1043F3D51D95062C0068E40A /* Release */,
			);
			defaultConfigurationIsVisible = 0;
		};
		1043F3D61D95062C0068E40A /* Build configuration list for PBXNativeTarget "DPAnimalYearsUITests" */ = {
			isa = XCConfigurationList;
			buildConfigurations = (
				1043F3D71D95062C0068E40A /* Debug */,
				1043F3D81D95062C0068E40A /* Release */,
			);
			defaultConfigurationIsVisible = 0;
		};
/* End XCConfigurationList section */
	};
	rootObject = 1043F39B1D95062B0068E40A /* Project object */;
}
